github.com/davecgh/go-spew v1.1.1 h1:vj9j/u1bqnvCEfJOwUhtlOARqs3+rkHYY13jYWTU97c=
github.com/davecgh/go-spew v1.1.1/go.mod h1:J7Y8YcW2NihsgmVo/mv3lAwl/skON4iLHjSsI+c5H38=
github.com/goark/errs v1.3.2 h1:ifccNe1aK7Xezt4XVYwHUqalmnfhuphnEvh3FshCReQ=
github.com/goark/errs v1.3.2/go.mod h1:ZsQucxaDFVfSB8I99j4bxkDRfNOrlKINwg72QMuRWKw=
github.com/goark/fetch v0.3.0 h1:2m32EGOLBi99RzI5urFfmv5++CMqfenVw7NH8z/lbX8=
github.com/goark/fetch v0.3.0/go.mod h1:sqDdPbbHeIjDVeHrgvzhHpkUr8X9pVC9DgJoVwU02x0=
github.com/pmezard/go-difflib v1.0.0 h1:4DBwDE0NGyQoBHbLQYPwSUPoCMWR5BEzIk/f1lZbAQM=
github.com/pmezard/go-difflib v1.0.0/go.mod h1:iKH77koFhYxTK1pcRnkKkqfTogsbg7gZNVY4sRDYZ/4=
github.com/spiegel-im-spiegel/ics-golang v0.1.0 h1:B+HHGJa6MqeJq15lAe2hGo7dfnx6t4jq451Nqice4mY=
github.com/spiegel-im-spiegel/ics-golang v0.1.0/go.mod h1:TpSbav1X/sYTlZq2aNDU8NZg9c8HcuAG2GnNVUy1zA4=
github.com/spiegel-im-spiegel/iso8601duration v0.1.0 h1:AL8GyapnN1uGrFg/mvimc8xpOdVNU2XoaqL/WRDxe7s=
github.com/spiegel-im-spiegel/iso8601duration v0.1.0/go.mod h1:Fe92GUFYxNfo+IRNEeJNvZHqQeH1MAz1send1zriltg=
github.com/stretchr/testify v1.8.0 h1:pSgiaMZlXftHpm5L7V1+rVB+AZJydKsMxsQBIJw4PKk=
github.com/stretchr/testify v1.8.0/go.mod h1:yNjHg4UonilssWZ8iaSj1OCr/vHnekPRkoO+kdMU+MU=
gopkg.in/yaml.v3 v3.0.1 h1:fxVm/GzAzEWqLHuvctI91KS9hhNmmWOoWu0XTYJS7CA=
gopkg.in/yaml.v3 v3.0.1/go.mod h1:K4uyk7z7BCEPqu6E+C64Yfv1cQ7kz7rIZviUmN+EgEM=
